{
  "name": "@wolfogaming/node-lxd",
  "version": "1.0.0",
  "lockfileVersion": 1,
  "requires": true,
  "dependencies": {
    "exec": {
      "version": "0.2.1",
      "resolved": "https://registry.npmjs.org/exec/-/exec-0.2.1.tgz",
      "integrity": "sha1-JmHwv8VTKRhikRfLn4DHVkryxR8="
    }
  }
}
