{
  "name": "@wolfogaming/node-lxd",
  "version": "1.0.1",
  "lockfileVersion": 1,
  "requires": true,
  "dependencies": {
    "exec": {
      "version": "0.2.1",
      "resolved": "https://registry.npmjs.org/exec/-/exec-0.2.1.tgz",
      "integrity": "sha1-JmHwv8VTKRhikRfLn4DHVkryxR8="
    },
    "fs-mode-to-string": {
      "version": "0.0.2",
      "resolved": "https://registry.npmjs.org/fs-mode-to-string/-/fs-mode-to-string-0.0.2.tgz",
      "integrity": "sha1-FLG/tQf2qnQiApEuojpPvL4ST8w="
    },
    "mime-db": {
      "version": "1.49.0",
      "resolved": "https://registry.npmjs.org/mime-db/-/mime-db-1.49.0.tgz",
      "integrity": "sha512-CIc8j9URtOVApSFCQIF+VBkX1RwXp/oMMOrqdyXSBXq5RWNEsRfyj1kiRnQgmNXmHxPoFIxOroKA3zcU9P+nAA=="
    },
    "mime-types": {
      "version": "2.1.32",
      "resolved": "https://registry.npmjs.org/mime-types/-/mime-types-2.1.32.tgz",
      "integrity": "sha512-hJGaVS4G4c9TSMYh2n6SQAGrC4RnfU+daP8G7cSCmaqNjiOoUY0VHCMS42pxnQmVF1GWwFhbHWn3RIxCqTmZ9A==",
      "requires": {
        "mime-db": "1.49.0"
      }
    }
  }
}
